
Microsoft Visual Studio Solution File, Format Version 12.00
# Visual Studio 15
VisualStudioVersion = 15.0.26430.14
MinimumVisualStudioVersion = 10.0.40219.1
Project("{FAE04EC0-301F-11D3-BF4B-00C04F79EFBC}") = "Gaming Backlog Manager", "Gaming Backlog Manager\Gaming Backlog Manager.csproj", "{41C1143D-30DA-460E-86C5-6D6A55761231}"
EndProject
Global
	GlobalSection(SolutionConfigurationPlatforms) = preSolution
		Debug .NET Native|ARM = Debug .NET Native|ARM
		Debug .NET Native|x64 = Debug .NET Native|x64
		Debug .NET Native|x86 = Debug .NET Native|x86
		Debug|ARM = Debug|ARM
		Debug|x64 = Debug|x64
		Debug|x86 = Debug|x86
		Release|ARM = Release|ARM
		Release|x64 = Release|x64
		Release|x86 = Release|x86
	EndGlobalSection
	GlobalSection(ProjectConfigurationPlatforms) = postSolution
		{41C1143D-30DA-460E-86C5-6D6A55761231}.Debug .NET Native|ARM.ActiveCfg = Debug .NET Native|ARM
		{41C1143D-30DA-460E-86C5-6D6A55761231}.Debug .NET Native|ARM.Build.0 = Debug .NET Native|ARM
		{41C1143D-30DA-460E-86C5-6D6A55761231}.Debug .NET Native|ARM.Deploy.0 = Debug .NET Native|ARM
		{41C1143D-30DA-460E-86C5-6D6A55761231}.Debug .NET Native|x64.ActiveCfg = Debug .NET Native|x64
		{41C1143D-30DA-460E-86C5-6D6A55761231}.Debug .NET Native|x64.Build.0 = Debug .NET Native|x64
		{41C1143D-30DA-460E-86C5-6D6A55761231}.Debug .NET Native|x64.Deploy.0 = Debug .NET Native|x64
		{41C1143D-30DA-460E-86C5-6D6A55761231}.Debug .NET Native|x86.ActiveCfg = Debug .NET Native|x86
		{41C1143D-30DA-460E-86C5-6D6A55761231}.Debug .NET Native|x86.Build.0 = Debug .NET Native|x86
		{41C1143D-30DA-460E-86C5-6D6A55761231}.Debug .NET Native|x86.Deploy.0 = Debug .NET Native|x86
		{41C1143D-30DA-460E-86C5-6D6A55761231}.Debug|ARM.ActiveCfg = Debug|ARM
		{41C1143D-30DA-460E-86C5-6D6A55761231}.Debug|ARM.Build.0 = Debug|ARM
		{41C1143D-30DA-460E-86C5-6D6A55761231}.Debug|ARM.Deploy.0 = Debug|ARM
		{41C1143D-30DA-460E-86C5-6D6A55761231}.Debug|x64.ActiveCfg = Debug|x64
		{41C1143D-30DA-460E-86C5-6D6A55761231}.Debug|x64.Build.0 = Debug|x64
		{41C1143D-30DA-460E-86C5-6D6A55761231}.Debug|x64.Deploy.0 = Debug|x64
		{41C1143D-30DA-460E-86C5-6D6A55761231}.Debug|x86.ActiveCfg = Debug|x86
		{41C1143D-30DA-460E-86C5-6D6A55761231}.Debug|x86.Build.0 = Debug|x86
		{41C1143D-30DA-460E-86C5-6D6A55761231}.Debug|x86.Deploy.0 = Debug|x86
		{41C1143D-30DA-460E-86C5-6D6A55761231}.Release|ARM.ActiveCfg = Release|ARM
		{41C1143D-30DA-460E-86C5-6D6A55761231}.Release|ARM.Build.0 = Release|ARM
		{41C1143D-30DA-460E-86C5-6D6A55761231}.Release|ARM.Deploy.0 = Release|ARM
		{41C1143D-30DA-460E-86C5-6D6A55761231}.Release|x64.ActiveCfg = Release|x64
		{41C1143D-30DA-460E-86C5-6D6A55761231}.Release|x64.Build.0 = Release|x64
		{41C1143D-30DA-460E-86C5-6D6A55761231}.Release|x64.Deploy.0 = Release|x64
		{41C1143D-30DA-460E-86C5-6D6A55761231}.Release|x86.ActiveCfg = Release|x86
		{41C1143D-30DA-460E-86C5-6D6A55761231}.Release|x86.Build.0 = Release|x86
		{41C1143D-30DA-460E-86C5-6D6A55761231}.Release|x86.Deploy.0 = Release|x86
	EndGlobalSection
	GlobalSection(SolutionProperties) = preSolution
		HideSolutionNode = FALSE
	EndGlobalSection
EndGlobal
